
Microsoft Visual Studio Solution File, Format Version 12.00
# Visual Studio Version 17
VisualStudioVersion = 17.14.37027.9
MinimumVisualStudioVersion = 10.0.40219.1
Project("{FAE04EC0-301F-11D3-BF4B-00C04F79EFBC}") = "AppPortifolio", "AppPortifolio.csproj", "{A344ED74-0973-45D6-9CBA-BA79E8EF4902}"
EndProject
Global
	GlobalSection(SolutionConfigurationPlatforms) = preSolution
		Debug|Any CPU = Debug|Any CPU
		Release|Any CPU = Release|Any CPU
	EndGlobalSection
	GlobalSection(ProjectConfigurationPlatforms) = postSolution
		{A344ED74-0973-45D6-9CBA-BA79E8EF4902}.Debug|Any CPU.ActiveCfg = Debug|Any CPU
		{A344ED74-0973-45D6-9CBA-BA79E8EF4902}.Debug|Any CPU.Build.0 = Debug|Any CPU
		{A344ED74-0973-45D6-9CBA-BA79E8EF4902}.Release|Any CPU.ActiveCfg = Release|Any CPU
		{A344ED74-0973-45D6-9CBA-BA79E8EF4902}.Release|Any CPU.Build.0 = Release|Any CPU
	EndGlobalSection
	GlobalSection(SolutionProperties) = preSolution
		HideSolutionNode = FALSE
	EndGlobalSection
	GlobalSection(ExtensibilityGlobals) = postSolution
		SolutionGuid = {647302C4-16DF-4BFA-BABC-39E4A5415D10}
	EndGlobalSection
EndGlobal
